
Microsoft Visual Studio Solution File, Format Version 12.00
# Visual Studio Version 17
VisualStudioVersion = 17.7.34221.43
MinimumVisualStudioVersion = 10.0.40219.1
Project("{FAE04EC0-301F-11D3-BF4B-00C04F79EFBC}") = "AS2324.3G.SpagnoliEnrico.Rubrica", "AS2324.3G.SpagnoliEnrico.Rubrica.csproj", "{CCF15D1C-0AAF-43F7-B27A-F896E1A045ED}"
EndProject
Global
	GlobalSection(SolutionConfigurationPlatforms) = preSolution
		Debug|Any CPU = Debug|Any CPU
		Release|Any CPU = Release|Any CPU
	EndGlobalSection
	GlobalSection(ProjectConfigurationPlatforms) = postSolution
		{CCF15D1C-0AAF-43F7-B27A-F896E1A045ED}.Debug|Any CPU.ActiveCfg = Debug|Any CPU
		{CCF15D1C-0AAF-43F7-B27A-F896E1A045ED}.Debug|Any CPU.Build.0 = Debug|Any CPU
		{CCF15D1C-0AAF-43F7-B27A-F896E1A045ED}.Release|Any CPU.ActiveCfg = Release|Any CPU
		{CCF15D1C-0AAF-43F7-B27A-F896E1A045ED}.Release|Any CPU.Build.0 = Release|Any CPU
	EndGlobalSection
	GlobalSection(SolutionProperties) = preSolution
		HideSolutionNode = FALSE
	EndGlobalSection
	GlobalSection(ExtensibilityGlobals) = postSolution
		SolutionGuid = {9C3110FB-443B-4378-90A4-E2D0AE31F4D0}
	EndGlobalSection
EndGlobal
